
Microsoft Visual Studio Solution File, Format Version 12.00
# Visual Studio Version 17
VisualStudioVersion = 17.11.35327.3
MinimumVisualStudioVersion = 10.0.40219.1
Project("{9A19103F-16F7-4668-BE54-9A1E7A4F7556}") = "LearnExpress.Application", "LearnExpress.Application\LearnExpress.Application.csproj", "{9D029CA2-57AE-42CD-B6AD-B07B90D637E5}"
EndProject
Project("{9A19103F-16F7-4668-BE54-9A1E7A4F7556}") = "LearnExpress.Domain", "LearnExpress.Domain\LearnExpress.Domain.csproj", "{1A9895D2-2865-4D69-A895-853ECF324B77}"
EndProject
Project("{9A19103F-16F7-4668-BE54-9A1E7A4F7556}") = "LearnExpress.Infra.Data", "LearnExpress.Infra.Data\LearnExpress.Infra.Data.csproj", "{05FBEFDF-8449-40B8-AD68-0789CD17CE4B}"
EndProject
Project("{9A19103F-16F7-4668-BE54-9A1E7A4F7556}") = "LearnExpress.Infra.Ioc", "LearnExpress.Infra.Ioc\LearnExpress.Infra.Ioc.csproj", "{10225AAC-E947-49C7-ACFD-1B9F3397922F}"
EndProject
Project("{9A19103F-16F7-4668-BE54-9A1E7A4F7556}") = "LearnExpress.API", "LearnExpress.API\LearnExpress.API.csproj", "{6AC9182A-41F4-459D-98BE-0A009B8CDA06}"
EndProject
Global
	GlobalSection(SolutionConfigurationPlatforms) = preSolution
		Debug|Any CPU = Debug|Any CPU
		Release|Any CPU = Release|Any CPU
	EndGlobalSection
	GlobalSection(ProjectConfigurationPlatforms) = postSolution
		{9D029CA2-57AE-42CD-B6AD-B07B90D637E5}.Debug|Any CPU.ActiveCfg = Debug|Any CPU
		{9D029CA2-57AE-42CD-B6AD-B07B90D637E5}.Debug|Any CPU.Build.0 = Debug|Any CPU
		{9D029CA2-57AE-42CD-B6AD-B07B90D637E5}.Release|Any CPU.ActiveCfg = Release|Any CPU
		{9D029CA2-57AE-42CD-B6AD-B07B90D637E5}.Release|Any CPU.Build.0 = Release|Any CPU
		{1A9895D2-2865-4D69-A895-853ECF324B77}.Debug|Any CPU.ActiveCfg = Debug|Any CPU
		{1A9895D2-2865-4D69-A895-853ECF324B77}.Debug|Any CPU.Build.0 = Debug|Any CPU
		{1A9895D2-2865-4D69-A895-853ECF324B77}.Release|Any CPU.ActiveCfg = Release|Any CPU
		{1A9895D2-2865-4D69-A895-853ECF324B77}.Release|Any CPU.Build.0 = Release|Any CPU
		{05FBEFDF-8449-40B8-AD68-0789CD17CE4B}.Debug|Any CPU.ActiveCfg = Debug|Any CPU
		{05FBEFDF-8449-40B8-AD68-0789CD17CE4B}.Debug|Any CPU.Build.0 = Debug|Any CPU
		{05FBEFDF-8449-40B8-AD68-0789CD17CE4B}.Release|Any CPU.ActiveCfg = Release|Any CPU
		{05FBEFDF-8449-40B8-AD68-0789CD17CE4B}.Release|Any CPU.Build.0 = Release|Any CPU
		{10225AAC-E947-49C7-ACFD-1B9F3397922F}.Debug|Any CPU.ActiveCfg = Debug|Any CPU
		{10225AAC-E947-49C7-ACFD-1B9F3397922F}.Debug|Any CPU.Build.0 = Debug|Any CPU
		{10225AAC-E947-49C7-ACFD-1B9F3397922F}.Release|Any CPU.ActiveCfg = Release|Any CPU
		{10225AAC-E947-49C7-ACFD-1B9F3397922F}.Release|Any CPU.Build.0 = Release|Any CPU
		{6AC9182A-41F4-459D-98BE-0A009B8CDA06}.Debug|Any CPU.ActiveCfg = Debug|Any CPU
		{6AC9182A-41F4-459D-98BE-0A009B8CDA06}.Debug|Any CPU.Build.0 = Debug|Any CPU
		{6AC9182A-41F4-459D-98BE-0A009B8CDA06}.Release|Any CPU.ActiveCfg = Release|Any CPU
		{6AC9182A-41F4-459D-98BE-0A009B8CDA06}.Release|Any CPU.Build.0 = Release|Any CPU
	EndGlobalSection
	GlobalSection(SolutionProperties) = preSolution
		HideSolutionNode = FALSE
	EndGlobalSection
	GlobalSection(ExtensibilityGlobals) = postSolution
		SolutionGuid = {D00F9EFC-755E-4896-B5E9-70B57EC6097C}
	EndGlobalSection
EndGlobal
